
Microsoft Visual Studio Solution File, Format Version 12.00
# Visual Studio Version 17
VisualStudioVersion = 17.3.32929.385
MinimumVisualStudioVersion = 10.0.40219.1
Project("{FAE04EC0-301F-11D3-BF4B-00C04F79EFBC}") = "TRX-Autostart", "TRX-Autostart\TRX-Autostart.csproj", "{614D0B83-5BD7-477A-9397-0AE514404AEF}"
EndProject
Global
	GlobalSection(SolutionConfigurationPlatforms) = preSolution
		Debug|Any CPU = Debug|Any CPU
		Release|Any CPU = Release|Any CPU
	EndGlobalSection
	GlobalSection(ProjectConfigurationPlatforms) = postSolution
		{614D0B83-5BD7-477A-9397-0AE514404AEF}.Debug|Any CPU.ActiveCfg = Debug|Any CPU
		{614D0B83-5BD7-477A-9397-0AE514404AEF}.Debug|Any CPU.Build.0 = Debug|Any CPU
		{614D0B83-5BD7-477A-9397-0AE514404AEF}.Release|Any CPU.ActiveCfg = Release|Any CPU
		{614D0B83-5BD7-477A-9397-0AE514404AEF}.Release|Any CPU.Build.0 = Release|Any CPU
	EndGlobalSection
	GlobalSection(SolutionProperties) = preSolution
		HideSolutionNode = FALSE
	EndGlobalSection
	GlobalSection(ExtensibilityGlobals) = postSolution
		SolutionGuid = {A0032238-D63C-438B-A8E0-213F19FFE332}
	EndGlobalSection
EndGlobal
